// !$*UTF8*$!
{
	archiveVersion = 1;
	classes = {
	};
	objectVersion = 56;
	objects = {

/* Begin PBXBuildFile section */
		24B3BD762C33E7370088CDB7 /* AppDelegate.swift in Sources */ = {isa = PBXBuildFile; fileRef = 24B3BD752C33E7370088CDB7 /* AppDelegate.swift */; };
		24B3BD782C33E7370088CDB7 /* SceneDelegate.swift in Sources */ = {isa = PBXBuildFile; fileRef = 24B3BD772C33E7370088CDB7 /* SceneDelegate.swift */; };
		24B3BD7A2C33E7370088CDB7 /* MainViewController.swift in Sources */ = {isa = PBXBuildFile; fileRef = 24B3BD792C33E7370088CDB7 /* MainViewController.swift */; };
		24B3BD7F2C33E7380088CDB7 /* Assets.xcassets in Resources */ = {isa = PBXBuildFile; fileRef = 24B3BD7E2C33E7380088CDB7 /* Assets.xcassets */; };
		24B3BD822C33E7380088CDB7 /* Base in Resources */ = {isa = PBXBuildFile; fileRef = 24B3BD812C33E7380088CDB7 /* Base */; };
		24B3BD8A2C33E7910088CDB7 /* .gitignore in Resources */ = {isa = PBXBuildFile; fileRef = 24B3BD892C33E7910088CDB7 /* .gitignore */; };
		24B3BD8D2C33E9B80088CDB7 /* RealmSwift in Frameworks */ = {isa = PBXBuildFile; productRef = 24B3BD8C2C33E9B80088CDB7 /* RealmSwift */; };
		24B3BD902C33E9F40088CDB7 /* Toast in Frameworks */ = {isa = PBXBuildFile; productRef = 24B3BD8F2C33E9F40088CDB7 /* Toast */; };
		24B3BD932C33EA0D0088CDB7 /* SnapKit in Frameworks */ = {isa = PBXBuildFile; productRef = 24B3BD922C33EA0D0088CDB7 /* SnapKit */; };
		24B3BD952C33EE7E0088CDB7 /* ToDoListViewController.swift in Sources */ = {isa = PBXBuildFile; fileRef = 24B3BD942C33EE7E0088CDB7 /* ToDoListViewController.swift */; };
		24B3BD972C33EEEF0088CDB7 /* ToDoTableViewCell.swift in Sources */ = {isa = PBXBuildFile; fileRef = 24B3BD962C33EEEF0088CDB7 /* ToDoTableViewCell.swift */; };
		24B3BD992C33FB5E0088CDB7 /* NewToDoViewController.swift in Sources */ = {isa = PBXBuildFile; fileRef = 24B3BD982C33FB5E0088CDB7 /* NewToDoViewController.swift */; };
		24B3BD9B2C33FBFC0088CDB7 /* WriteToDoView.swift in Sources */ = {isa = PBXBuildFile; fileRef = 24B3BD9A2C33FBFC0088CDB7 /* WriteToDoView.swift */; };
		24B3BD9D2C33FF810088CDB7 /* NewToDoTableViewCell.swift in Sources */ = {isa = PBXBuildFile; fileRef = 24B3BD9C2C33FF810088CDB7 /* NewToDoTableViewCell.swift */; };
		24B3BDA12C3401E20088CDB7 /* ToDo.swift in Sources */ = {isa = PBXBuildFile; fileRef = 24B3BDA02C3401E20088CDB7 /* ToDo.swift */; };
		24B3BDA32C340B3D0088CDB7 /* DateViewController.swift in Sources */ = {isa = PBXBuildFile; fileRef = 24B3BDA22C340B3D0088CDB7 /* DateViewController.swift */; };
		24B3BDA82C3512AE0088CDB7 /* BaseViewController.swift in Sources */ = {isa = PBXBuildFile; fileRef = 24B3BDA72C3512AE0088CDB7 /* BaseViewController.swift */; };
		24B3BDAB2C3513CB0088CDB7 /* BaseTableViewCell.swift in Sources */ = {isa = PBXBuildFile; fileRef = 24B3BDAA2C3513CB0088CDB7 /* BaseTableViewCell.swift */; };
		24B3BDAF2C35143C0088CDB7 /* ReuseIdentifierProtocol.swift in Sources */ = {isa = PBXBuildFile; fileRef = 24B3BDAE2C35143C0088CDB7 /* ReuseIdentifierProtocol.swift */; };
		24B3BDB12C3515E70088CDB7 /* Date+.swift in Sources */ = {isa = PBXBuildFile; fileRef = 24B3BDB02C3515E70088CDB7 /* Date+.swift */; };
		24B3BDB52C351AA40088CDB7 /* TagViewController.swift in Sources */ = {isa = PBXBuildFile; fileRef = 24B3BDB42C351AA40088CDB7 /* TagViewController.swift */; };
		24B3BDB72C351AE10088CDB7 /* PriorityViewController.swift in Sources */ = {isa = PBXBuildFile; fileRef = 24B3BDB62C351AE10088CDB7 /* PriorityViewController.swift */; };
		24B3BDB92C3537B10088CDB7 /* UILabel+.swift in Sources */ = {isa = PBXBuildFile; fileRef = 24B3BDB82C3537B10088CDB7 /* UILabel+.swift */; };
		24B3BDBB2C35399C0088CDB7 /* BaseCollectionViewCell.swift in Sources */ = {isa = PBXBuildFile; fileRef = 24B3BDBA2C35399C0088CDB7 /* BaseCollectionViewCell.swift */; };
		24B3BDBD2C3539FE0088CDB7 /* MainCollectionViewCell.swift in Sources */ = {isa = PBXBuildFile; fileRef = 24B3BDBC2C3539FE0088CDB7 /* MainCollectionViewCell.swift */; };
/* End PBXBuildFile section */

/* Begin PBXFileReference section */
		24B3BD722C33E7370088CDB7 /* RealmPractice.app */ = {isa = PBXFileReference; explicitFileType = wrapper.application; includeInIndex = 0; path = RealmPractice.app; sourceTree = BUILT_PRODUCTS_DIR; };
		24B3BD752C33E7370088CDB7 /* AppDelegate.swift */ = {isa = PBXFileReference; lastKnownFileType = sourcecode.swift; path = AppDelegate.swift; sourceTree = "<group>"; };
		24B3BD772C33E7370088CDB7 /* SceneDelegate.swift */ = {isa = PBXFileReference; lastKnownFileType = sourcecode.swift; path = SceneDelegate.swift; sourceTree = "<group>"; };
		24B3BD792C33E7370088CDB7 /* MainViewController.swift */ = {isa = PBXFileReference; lastKnownFileType = sourcecode.swift; path = MainViewController.swift; sourceTree = "<group>"; };
		24B3BD7E2C33E7380088CDB7 /* Assets.xcassets */ = {isa = PBXFileReference; lastKnownFileType = folder.assetcatalog; path = Assets.xcassets; sourceTree = "<group>"; };
		24B3BD812C33E7380088CDB7 /* Base */ = {isa = PBXFileReference; lastKnownFileType = file.storyboard; name = Base; path = Base.lproj/LaunchScreen.storyboard; sourceTree = "<group>"; };
		24B3BD832C33E7380088CDB7 /* Info.plist */ = {isa = PBXFileReference; lastKnownFileType = text.plist.xml; path = Info.plist; sourceTree = "<group>"; };
		24B3BD892C33E7910088CDB7 /* .gitignore */ = {isa = PBXFileReference; lastKnownFileType = text; path = .gitignore; sourceTree = "<group>"; };
		24B3BD942C33EE7E0088CDB7 /* ToDoListViewController.swift */ = {isa = PBXFileReference; lastKnownFileType = sourcecode.swift; path = ToDoListViewController.swift; sourceTree = "<group>"; };
		24B3BD962C33EEEF0088CDB7 /* ToDoTableViewCell.swift */ = {isa = PBXFileReference; lastKnownFileType = sourcecode.swift; path = ToDoTableViewCell.swift; sourceTree = "<group>"; };
		24B3BD982C33FB5E0088CDB7 /* NewToDoViewController.swift */ = {isa = PBXFileReference; lastKnownFileType = sourcecode.swift; path = NewToDoViewController.swift; sourceTree = "<group>"; };
		24B3BD9A2C33FBFC0088CDB7 /* WriteToDoView.swift */ = {isa = PBXFileReference; lastKnownFileType = sourcecode.swift; path = WriteToDoView.swift; sourceTree = "<group>"; };
		24B3BD9C2C33FF810088CDB7 /* NewToDoTableViewCell.swift */ = {isa = PBXFileReference; lastKnownFileType = sourcecode.swift; path = NewToDoTableViewCell.swift; sourceTree = "<group>"; };
		24B3BDA02C3401E20088CDB7 /* ToDo.swift */ = {isa = PBXFileReference; lastKnownFileType = sourcecode.swift; path = ToDo.swift; sourceTree = "<group>"; };
		24B3BDA22C340B3D0088CDB7 /* DateViewController.swift */ = {isa = PBXFileReference; lastKnownFileType = sourcecode.swift; path = DateViewController.swift; sourceTree = "<group>"; };
		24B3BDA72C3512AE0088CDB7 /* BaseViewController.swift */ = {isa = PBXFileReference; lastKnownFileType = sourcecode.swift; path = BaseViewController.swift; sourceTree = "<group>"; };
		24B3BDAA2C3513CB0088CDB7 /* BaseTableViewCell.swift */ = {isa = PBXFileReference; lastKnownFileType = sourcecode.swift; path = BaseTableViewCell.swift; sourceTree = "<group>"; };
		24B3BDAE2C35143C0088CDB7 /* ReuseIdentifierProtocol.swift */ = {isa = PBXFileReference; lastKnownFileType = sourcecode.swift; path = ReuseIdentifierProtocol.swift; sourceTree = "<group>"; };
		24B3BDB02C3515E70088CDB7 /* Date+.swift */ = {isa = PBXFileReference; lastKnownFileType = sourcecode.swift; path = "Date+.swift"; sourceTree = "<group>"; };
		24B3BDB42C351AA40088CDB7 /* TagViewController.swift */ = {isa = PBXFileReference; lastKnownFileType = sourcecode.swift; path = TagViewController.swift; sourceTree = "<group>"; };
		24B3BDB62C351AE10088CDB7 /* PriorityViewController.swift */ = {isa = PBXFileReference; lastKnownFileType = sourcecode.swift; path = PriorityViewController.swift; sourceTree = "<group>"; };
		24B3BDB82C3537B10088CDB7 /* UILabel+.swift */ = {isa = PBXFileReference; lastKnownFileType = sourcecode.swift; path = "UILabel+.swift"; sourceTree = "<group>"; };
		24B3BDBA2C35399C0088CDB7 /* BaseCollectionViewCell.swift */ = {isa = PBXFileReference; lastKnownFileType = sourcecode.swift; path = BaseCollectionViewCell.swift; sourceTree = "<group>"; };
		24B3BDBC2C3539FE0088CDB7 /* MainCollectionViewCell.swift */ = {isa = PBXFileReference; lastKnownFileType = sourcecode.swift; path = MainCollectionViewCell.swift; sourceTree = "<group>"; };
/* End PBXFileReference section */

/* Begin PBXFrameworksBuildPhase section */
		24B3BD6F2C33E7370088CDB7 /* Frameworks */ = {
			isa = PBXFrameworksBuildPhase;
			buildActionMask = 2147483647;
			files = (
				24B3BD932C33EA0D0088CDB7 /* SnapKit in Frameworks */,
				24B3BD902C33E9F40088CDB7 /* Toast in Frameworks */,
				24B3BD8D2C33E9B80088CDB7 /* RealmSwift in Frameworks */,
			);
			runOnlyForDeploymentPostprocessing = 0;
		};
/* End PBXFrameworksBuildPhase section */

/* Begin PBXGroup section */
		24B3BD692C33E7370088CDB7 = {
			isa = PBXGroup;
			children = (
				24B3BD892C33E7910088CDB7 /* .gitignore */,
				24B3BD742C33E7370088CDB7 /* RealmPractice */,
				24B3BD732C33E7370088CDB7 /* Products */,
			);
			sourceTree = "<group>";
		};
		24B3BD732C33E7370088CDB7 /* Products */ = {
			isa = PBXGroup;
			children = (
				24B3BD722C33E7370088CDB7 /* RealmPractice.app */,
			);
			name = Products;
			sourceTree = "<group>";
		};
		24B3BD742C33E7370088CDB7 /* RealmPractice */ = {
			isa = PBXGroup;
			children = (
				24B3BD752C33E7370088CDB7 /* AppDelegate.swift */,
				24B3BD772C33E7370088CDB7 /* SceneDelegate.swift */,
				24B3BDAC2C3513EE0088CDB7 /* Model */,
				24B3BDB22C3516B80088CDB7 /* Extension */,
				24B3BDA92C3512B20088CDB7 /* Base */,
				24B3BDAD2C35141A0088CDB7 /* Scenes */,
				24B3BD7E2C33E7380088CDB7 /* Assets.xcassets */,
				24B3BD802C33E7380088CDB7 /* LaunchScreen.storyboard */,
				24B3BD832C33E7380088CDB7 /* Info.plist */,
			);
			path = RealmPractice;
			sourceTree = "<group>";
		};
		24B3BD9E2C3401A30088CDB7 /* NewToDo */ = {
			isa = PBXGroup;
			children = (
				24B3BD982C33FB5E0088CDB7 /* NewToDoViewController.swift */,
				24B3BD9A2C33FBFC0088CDB7 /* WriteToDoView.swift */,
				24B3BD9C2C33FF810088CDB7 /* NewToDoTableViewCell.swift */,
				24B3BDB32C351A720088CDB7 /* Detail */,
			);
			path = NewToDo;
			sourceTree = "<group>";
		};
		24B3BD9F2C3401AB0088CDB7 /* ToDoList */ = {
			isa = PBXGroup;
			children = (
				24B3BD942C33EE7E0088CDB7 /* ToDoListViewController.swift */,
				24B3BD962C33EEEF0088CDB7 /* ToDoTableViewCell.swift */,
			);
			path = ToDoList;
			sourceTree = "<group>";
		};
		24B3BDA92C3512B20088CDB7 /* Base */ = {
			isa = PBXGroup;
			children = (
				24B3BDA72C3512AE0088CDB7 /* BaseViewController.swift */,
				24B3BDAA2C3513CB0088CDB7 /* BaseTableViewCell.swift */,
				24B3BDBA2C35399C0088CDB7 /* BaseCollectionViewCell.swift */,
			);
			path = Base;
			sourceTree = "<group>";
		};
		24B3BDAC2C3513EE0088CDB7 /* Model */ = {
			isa = PBXGroup;
			children = (
				24B3BDA02C3401E20088CDB7 /* ToDo.swift */,
			);
			path = Model;
			sourceTree = "<group>";
		};
		24B3BDAD2C35141A0088CDB7 /* Scenes */ = {
			isa = PBXGroup;
			children = (
				24B3BD792C33E7370088CDB7 /* MainViewController.swift */,
				24B3BDBC2C3539FE0088CDB7 /* MainCollectionViewCell.swift */,
				24B3BD9F2C3401AB0088CDB7 /* ToDoList */,
				24B3BD9E2C3401A30088CDB7 /* NewToDo */,
			);
			path = Scenes;
			sourceTree = "<group>";
		};
		24B3BDB22C3516B80088CDB7 /* Extension */ = {
			isa = PBXGroup;
			children = (
				24B3BDAE2C35143C0088CDB7 /* ReuseIdentifierProtocol.swift */,
				24B3BDB02C3515E70088CDB7 /* Date+.swift */,
				24B3BDB82C3537B10088CDB7 /* UILabel+.swift */,
			);
			path = Extension;
			sourceTree = "<group>";
		};
		24B3BDB32C351A720088CDB7 /* Detail */ = {
			isa = PBXGroup;
			children = (
				24B3BDA22C340B3D0088CDB7 /* DateViewController.swift */,
				24B3BDB42C351AA40088CDB7 /* TagViewController.swift */,
				24B3BDB62C351AE10088CDB7 /* PriorityViewController.swift */,
			);
			path = Detail;
			sourceTree = "<group>";
		};
/* End PBXGroup section */

/* Begin PBXNativeTarget section */
		24B3BD712C33E7370088CDB7 /* RealmPractice */ = {
			isa = PBXNativeTarget;
			buildConfigurationList = 24B3BD862C33E7380088CDB7 /* Build configuration list for PBXNativeTarget "RealmPractice" */;
			buildPhases = (
				24B3BD6E2C33E7370088CDB7 /* Sources */,
				24B3BD6F2C33E7370088CDB7 /* Frameworks */,
				24B3BD702C33E7370088CDB7 /* Resources */,
			);
			buildRules = (
			);
			dependencies = (
			);
			name = RealmPractice;
			packageProductDependencies = (
				24B3BD8C2C33E9B80088CDB7 /* RealmSwift */,
				24B3BD8F2C33E9F40088CDB7 /* Toast */,
				24B3BD922C33EA0D0088CDB7 /* SnapKit */,
			);
			productName = RealmPractice;
			productReference = 24B3BD722C33E7370088CDB7 /* RealmPractice.app */;
			productType = "com.apple.product-type.application";
		};
/* End PBXNativeTarget section */

/* Begin PBXProject section */
		24B3BD6A2C33E7370088CDB7 /* Project object */ = {
			isa = PBXProject;
			attributes = {
				BuildIndependentTargetsInParallel = 1;
				LastSwiftUpdateCheck = 1540;
				LastUpgradeCheck = 1540;
				TargetAttributes = {
					24B3BD712C33E7370088CDB7 = {
						CreatedOnToolsVersion = 15.4;
					};
				};
			};
			buildConfigurationList = 24B3BD6D2C33E7370088CDB7 /* Build configuration list for PBXProject "RealmPractice" */;
			compatibilityVersion = "Xcode 14.0";
			developmentRegion = en;
			hasScannedForEncodings = 0;
			knownRegions = (
				en,
				Base,
			);
			mainGroup = 24B3BD692C33E7370088CDB7;
			packageReferences = (
				24B3BD8B2C33E9B80088CDB7 /* XCRemoteSwiftPackageReference "realm-swift" */,
				24B3BD8E2C33E9F40088CDB7 /* XCRemoteSwiftPackageReference "Toast-Swift" */,
				24B3BD912C33EA0D0088CDB7 /* XCRemoteSwiftPackageReference "SnapKit" */,
			);
			productRefGroup = 24B3BD732C33E7370088CDB7 /* Products */;
			projectDirPath = "";
			projectRoot = "";
			targets = (
				24B3BD712C33E7370088CDB7 /* RealmPractice */,
			);
		};
/* End PBXProject section */

/* Begin PBXResourcesBuildPhase section */
		24B3BD702C33E7370088CDB7 /* Resources */ = {
			isa = PBXResourcesBuildPhase;
			buildActionMask = 2147483647;
			files = (
				24B3BD8A2C33E7910088CDB7 /* .gitignore in Resources */,
				24B3BD7F2C33E7380088CDB7 /* Assets.xcassets in Resources */,
				24B3BD822C33E7380088CDB7 /* Base in Resources */,
			);
			runOnlyForDeploymentPostprocessing = 0;
		};
/* End PBXResourcesBuildPhase section */

/* Begin PBXSourcesBuildPhase section */
		24B3BD6E2C33E7370088CDB7 /* Sources */ = {
			isa = PBXSourcesBuildPhase;
			buildActionMask = 2147483647;
			files = (
				24B3BDA12C3401E20088CDB7 /* ToDo.swift in Sources */,
				24B3BD952C33EE7E0088CDB7 /* ToDoListViewController.swift in Sources */,
				24B3BDA82C3512AE0088CDB7 /* BaseViewController.swift in Sources */,
				24B3BD7A2C33E7370088CDB7 /* MainViewController.swift in Sources */,
				24B3BDAB2C3513CB0088CDB7 /* BaseTableViewCell.swift in Sources */,
				24B3BD9D2C33FF810088CDB7 /* NewToDoTableViewCell.swift in Sources */,
				24B3BDB92C3537B10088CDB7 /* UILabel+.swift in Sources */,
				24B3BD762C33E7370088CDB7 /* AppDelegate.swift in Sources */,
				24B3BDB12C3515E70088CDB7 /* Date+.swift in Sources */,
				24B3BDB72C351AE10088CDB7 /* PriorityViewController.swift in Sources */,
				24B3BDAF2C35143C0088CDB7 /* ReuseIdentifierProtocol.swift in Sources */,
				24B3BDBD2C3539FE0088CDB7 /* MainCollectionViewCell.swift in Sources */,
				24B3BDBB2C35399C0088CDB7 /* BaseCollectionViewCell.swift in Sources */,
				24B3BD782C33E7370088CDB7 /* SceneDelegate.swift in Sources */,
				24B3BDA32C340B3D0088CDB7 /* DateViewController.swift in Sources */,
				24B3BD972C33EEEF0088CDB7 /* ToDoTableViewCell.swift in Sources */,
				24B3BDB52C351AA40088CDB7 /* TagViewController.swift in Sources */,
				24B3BD992C33FB5E0088CDB7 /* NewToDoViewController.swift in Sources */,
				24B3BD9B2C33FBFC0088CDB7 /* WriteToDoView.swift in Sources */,
			);
			runOnlyForDeploymentPostprocessing = 0;
		};
/* End PBXSourcesBuildPhase section */

/* Begin PBXVariantGroup section */
		24B3BD802C33E7380088CDB7 /* LaunchScreen.storyboard */ = {
			isa = PBXVariantGroup;
			children = (
				24B3BD812C33E7380088CDB7 /* Base */,
			);
			name = LaunchScreen.storyboard;
			sourceTree = "<group>";
		};
/* End PBXVariantGroup section */

/* Begin XCBuildConfiguration section */
		24B3BD842C33E7380088CDB7 /* Debug */ = {
			isa = XCBuildConfiguration;
			buildSettings = {
				ALWAYS_SEARCH_USER_PATHS = NO;
				ASSETCATALOG_COMPILER_GENERATE_SWIFT_ASSET_SYMBOL_EXTENSIONS = YES;
				CLANG_ANALYZER_NONNULL = YES;
				CLANG_ANALYZER_NUMBER_OBJECT_CONVERSION = YES_AGGRESSIVE;
				CLANG_CXX_LANGUAGE_STANDARD = "gnu++20";
				CLANG_ENABLE_MODULES = YES;
				CLANG_ENABLE_OBJC_ARC = YES;
				CLANG_ENABLE_OBJC_WEAK = YES;
				CLANG_WARN_BLOCK_CAPTURE_AUTORELEASING = YES;
				CLANG_WARN_BOOL_CONVERSION = YES;
				CLANG_WARN_COMMA = YES;
				CLANG_WARN_CONSTANT_CONVERSION = YES;
				CLANG_WARN_DEPRECATED_OBJC_IMPLEMENTATIONS = YES;
				CLANG_WARN_DIRECT_OBJC_ISA_USAGE = YES_ERROR;
				CLANG_WARN_DOCUMENTATION_COMMENTS = YES;
				CLANG_WARN_EMPTY_BODY = YES;
				CLANG_WARN_ENUM_CONVERSION = YES;
				CLANG_WARN_INFINITE_RECURSION = YES;
				CLANG_WARN_INT_CONVERSION = YES;
				CLANG_WARN_NON_LITERAL_NULL_CONVERSION = YES;
				CLANG_WARN_OBJC_IMPLICIT_RETAIN_SELF = YES;
				CLANG_WARN_OBJC_LITERAL_CONVERSION = YES;
				CLANG_WARN_OBJC_ROOT_CLASS = YES_ERROR;
				CLANG_WARN_QUOTED_INCLUDE_IN_FRAMEWORK_HEADER = YES;
				CLANG_WARN_RANGE_LOOP_ANALYSIS = YES;
				CLANG_WARN_STRICT_PROTOTYPES = YES;
				CLANG_WARN_SUSPICIOUS_MOVE = YES;
				CLANG_WARN_UNGUARDED_AVAILABILITY = YES_AGGRESSIVE;
				CLANG_WARN_UNREACHABLE_CODE = YES;
				CLANG_WARN__DUPLICATE_METHOD_MATCH = YES;
				COPY_PHASE_STRIP = NO;
				DEBUG_INFORMATION_FORMAT = dwarf;
				ENABLE_STRICT_OBJC_MSGSEND = YES;
				ENABLE_TESTABILITY = YES;
				ENABLE_USER_SCRIPT_SANDBOXING = YES;
				GCC_C_LANGUAGE_STANDARD = gnu17;
				GCC_DYNAMIC_NO_PIC = NO;
				GCC_NO_COMMON_BLOCKS = YES;
				GCC_OPTIMIZATION_LEVEL = 0;
				GCC_PREPROCESSOR_DEFINITIONS = (
					"DEBUG=1",
					"$(inherited)",
				);
				GCC_WARN_64_TO_32_BIT_CONVERSION = YES;
				GCC_WARN_ABOUT_RETURN_TYPE = YES_ERROR;
				GCC_WARN_UNDECLARED_SELECTOR = YES;
				GCC_WARN_UNINITIALIZED_AUTOS = YES_AGGRESSIVE;
				GCC_WARN_UNUSED_FUNCTION = YES;
				GCC_WARN_UNUSED_VARIABLE = YES;
				IPHONEOS_DEPLOYMENT_TARGET = 17.5;
				LOCALIZATION_PREFERS_STRING_CATALOGS = YES;
				MTL_ENABLE_DEBUG_INFO = INCLUDE_SOURCE;
				MTL_FAST_MATH = YES;
				ONLY_ACTIVE_ARCH = YES;
				SDKROOT = iphoneos;
				SWIFT_ACTIVE_COMPILATION_CONDITIONS = "DEBUG $(inherited)";
				SWIFT_OPTIMIZATION_LEVEL = "-Onone";
			};
			name = Debug;
		};
		24B3BD852C33E7380088CDB7 /* Release */ = {
			isa = XCBuildConfiguration;
			buildSettings = {
				ALWAYS_SEARCH_USER_PATHS = NO;
				ASSETCATALOG_COMPILER_GENERATE_SWIFT_ASSET_SYMBOL_EXTENSIONS = YES;
				CLANG_ANALYZER_NONNULL = YES;
				CLANG_ANALYZER_NUMBER_OBJECT_CONVERSION = YES_AGGRESSIVE;
				CLANG_CXX_LANGUAGE_STANDARD = "gnu++20";
				CLANG_ENABLE_MODULES = YES;
				CLANG_ENABLE_OBJC_ARC = YES;
				CLANG_ENABLE_OBJC_WEAK = YES;
				CLANG_WARN_BLOCK_CAPTURE_AUTORELEASING = YES;
				CLANG_WARN_BOOL_CONVERSION = YES;
				CLANG_WARN_COMMA = YES;
				CLANG_WARN_CONSTANT_CONVERSION = YES;
				CLANG_WARN_DEPRECATED_OBJC_IMPLEMENTATIONS = YES;
				CLANG_WARN_DIRECT_OBJC_ISA_USAGE = YES_ERROR;
				CLANG_WARN_DOCUMENTATION_COMMENTS = YES;
				CLANG_WARN_EMPTY_BODY = YES;
				CLANG_WARN_ENUM_CONVERSION = YES;
				CLANG_WARN_INFINITE_RECURSION = YES;
				CLANG_WARN_INT_CONVERSION = YES;
				CLANG_WARN_NON_LITERAL_NULL_CONVERSION = YES;
				CLANG_WARN_OBJC_IMPLICIT_RETAIN_SELF = YES;
				CLANG_WARN_OBJC_LITERAL_CONVERSION = YES;
				CLANG_WARN_OBJC_ROOT_CLASS = YES_ERROR;
				CLANG_WARN_QUOTED_INCLUDE_IN_FRAMEWORK_HEADER = YES;
				CLANG_WARN_RANGE_LOOP_ANALYSIS = YES;
				CLANG_WARN_STRICT_PROTOTYPES = YES;
				CLANG_WARN_SUSPICIOUS_MOVE = YES;
				CLANG_WARN_UNGUARDED_AVAILABILITY = YES_AGGRESSIVE;
				CLANG_WARN_UNREACHABLE_CODE = YES;
				CLANG_WARN__DUPLICATE_METHOD_MATCH = YES;
				COPY_PHASE_STRIP = NO;
				DEBUG_INFORMATION_FORMAT = "dwarf-with-dsym";
				ENABLE_NS_ASSERTIONS = NO;
				ENABLE_STRICT_OBJC_MSGSEND = YES;
				ENABLE_USER_SCRIPT_SANDBOXING = YES;
				GCC_C_LANGUAGE_STANDARD = gnu17;
				GCC_NO_COMMON_BLOCKS = YES;
				GCC_WARN_64_TO_32_BIT_CONVERSION = YES;
				GCC_WARN_ABOUT_RETURN_TYPE = YES_ERROR;
				GCC_WARN_UNDECLARED_SELECTOR = YES;
				GCC_WARN_UNINITIALIZED_AUTOS = YES_AGGRESSIVE;
				GCC_WARN_UNUSED_FUNCTION = YES;
				GCC_WARN_UNUSED_VARIABLE = YES;
				IPHONEOS_DEPLOYMENT_TARGET = 17.5;
				LOCALIZATION_PREFERS_STRING_CATALOGS = YES;
				MTL_ENABLE_DEBUG_INFO = NO;
				MTL_FAST_MATH = YES;
				SDKROOT = iphoneos;
				SWIFT_COMPILATION_MODE = wholemodule;
				VALIDATE_PRODUCT = YES;
			};
			name = Release;
		};
		24B3BD872C33E7380088CDB7 /* Debug */ = {
			isa = XCBuildConfiguration;
			buildSettings = {
				ASSETCATALOG_COMPILER_APPICON_NAME = AppIcon;
				ASSETCATALOG_COMPILER_GLOBAL_ACCENT_COLOR_NAME = AccentColor;
				CODE_SIGN_STYLE = Automatic;
				CURRENT_PROJECT_VERSION = 1;
				DEVELOPMENT_TEAM = Z6H2JVV9PA;
				GENERATE_INFOPLIST_FILE = YES;
				INFOPLIST_FILE = RealmPractice/Info.plist;
				INFOPLIST_KEY_UIApplicationSupportsIndirectInputEvents = YES;
				INFOPLIST_KEY_UILaunchStoryboardName = LaunchScreen;
				INFOPLIST_KEY_UISupportedInterfaceOrientations = UIInterfaceOrientationPortrait;
				INFOPLIST_KEY_UISupportedInterfaceOrientations_iPad = "UIInterfaceOrientationLandscapeLeft UIInterfaceOrientationLandscapeRight UIInterfaceOrientationPortrait UIInterfaceOrientationPortraitUpsideDown";
				INFOPLIST_KEY_UIUserInterfaceStyle = Dark;
				IPHONEOS_DEPLOYMENT_TARGET = 16.0;
				LD_RUNPATH_SEARCH_PATHS = (
					"$(inherited)",
					"@executable_path/Frameworks",
				);
				MARKETING_VERSION = 1.0;
				PRODUCT_BUNDLE_IDENTIFIER = com.ksm.RealmPractice;
				PRODUCT_NAME = "$(TARGET_NAME)";
				SUPPORTED_PLATFORMS = "iphoneos iphonesimulator";
				SUPPORTS_MACCATALYST = NO;
				SUPPORTS_MAC_DESIGNED_FOR_IPHONE_IPAD = NO;
				SUPPORTS_XR_DESIGNED_FOR_IPHONE_IPAD = NO;
				SWIFT_EMIT_LOC_STRINGS = YES;
				SWIFT_VERSION = 5.0;
				TARGETED_DEVICE_FAMILY = 1;
			};
			name = Debug;
		};
		24B3BD882C33E7380088CDB7 /* Release */ = {
			isa = XCBuildConfiguration;
			buildSettings = {
				ASSETCATALOG_COMPILER_APPICON_NAME = AppIcon;
				ASSETCATALOG_COMPILER_GLOBAL_ACCENT_COLOR_NAME = AccentColor;
				CODE_SIGN_STYLE = Automatic;
				CURRENT_PROJECT_VERSION = 1;
				DEVELOPMENT_TEAM = Z6H2JVV9PA;
				GENERATE_INFOPLIST_FILE = YES;
				INFOPLIST_FILE = RealmPractice/Info.plist;
				INFOPLIST_KEY_UIApplicationSupportsIndirectInputEvents = YES;
				INFOPLIST_KEY_UILaunchStoryboardName = LaunchScreen;
				INFOPLIST_KEY_UISupportedInterfaceOrientations = UIInterfaceOrientationPortrait;
				INFOPLIST_KEY_UISupportedInterfaceOrientations_iPad = "UIInterfaceOrientationLandscapeLeft UIInterfaceOrientationLandscapeRight UIInterfaceOrientationPortrait UIInterfaceOrientationPortraitUpsideDown";
				INFOPLIST_KEY_UIUserInterfaceStyle = Dark;
				IPHONEOS_DEPLOYMENT_TARGET = 16.0;
				LD_RUNPATH_SEARCH_PATHS = (
					"$(inherited)",
					"@executable_path/Frameworks",
				);
				MARKETING_VERSION = 1.0;
				PRODUCT_BUNDLE_IDENTIFIER = com.ksm.RealmPractice;
				PRODUCT_NAME = "$(TARGET_NAME)";
				SUPPORTED_PLATFORMS = "iphoneos iphonesimulator";
				SUPPORTS_MACCATALYST = NO;
				SUPPORTS_MAC_DESIGNED_FOR_IPHONE_IPAD = NO;
				SUPPORTS_XR_DESIGNED_FOR_IPHONE_IPAD = NO;
				SWIFT_EMIT_LOC_STRINGS = YES;
				SWIFT_VERSION = 5.0;
				TARGETED_DEVICE_FAMILY = 1;
			};
			name = Release;
		};
/* End XCBuildConfiguration section */

/* Begin XCConfigurationList section */
		24B3BD6D2C33E7370088CDB7 /* Build configuration list for PBXProject "RealmPractice" */ = {
			isa = XCConfigurationList;
			buildConfigurations = (
				24B3BD842C33E7380088CDB7 /* Debug */,
				24B3BD852C33E7380088CDB7 /* Release */,
			);
			defaultConfigurationIsVisible = 0;
			defaultConfigurationName = Release;
		};
		24B3BD862C33E7380088CDB7 /* Build configuration list for PBXNativeTarget "RealmPractice" */ = {
			isa = XCConfigurationList;
			buildConfigurations = (
				24B3BD872C33E7380088CDB7 /* Debug */,
				24B3BD882C33E7380088CDB7 /* Release */,
			);
			defaultConfigurationIsVisible = 0;
			defaultConfigurationName = Release;
		};
/* End XCConfigurationList section */

/* Begin XCRemoteSwiftPackageReference section */
		24B3BD8B2C33E9B80088CDB7 /* XCRemoteSwiftPackageReference "realm-swift" */ = {
			isa = XCRemoteSwiftPackageReference;
			repositoryURL = "https://github.com/realm/realm-swift.git";
			requirement = {
				kind = exactVersion;
				version = 10.52.1;
			};
		};
		24B3BD8E2C33E9F40088CDB7 /* XCRemoteSwiftPackageReference "Toast-Swift" */ = {
			isa = XCRemoteSwiftPackageReference;
			repositoryURL = "https://github.com/scalessec/Toast-Swift";
			requirement = {
				kind = upToNextMajorVersion;
				minimumVersion = 5.1.1;
			};
		};
		24B3BD912C33EA0D0088CDB7 /* XCRemoteSwiftPackageReference "SnapKit" */ = {
			isa = XCRemoteSwiftPackageReference;
			repositoryURL = "https://github.com/SnapKit/SnapKit";
			requirement = {
				kind = upToNextMajorVersion;
				minimumVersion = 5.7.1;
			};
		};
/* End XCRemoteSwiftPackageReference section */

/* Begin XCSwiftPackageProductDependency section */
		24B3BD8C2C33E9B80088CDB7 /* RealmSwift */ = {
			isa = XCSwiftPackageProductDependency;
			package = 24B3BD8B2C33E9B80088CDB7 /* XCRemoteSwiftPackageReference "realm-swift" */;
			productName = RealmSwift;
		};
		24B3BD8F2C33E9F40088CDB7 /* Toast */ = {
			isa = XCSwiftPackageProductDependency;
			package = 24B3BD8E2C33E9F40088CDB7 /* XCRemoteSwiftPackageReference "Toast-Swift" */;
			productName = Toast;
		};
		24B3BD922C33EA0D0088CDB7 /* SnapKit */ = {
			isa = XCSwiftPackageProductDependency;
			package = 24B3BD912C33EA0D0088CDB7 /* XCRemoteSwiftPackageReference "SnapKit" */;
			productName = SnapKit;
		};
/* End XCSwiftPackageProductDependency section */
	};
	rootObject = 24B3BD6A2C33E7370088CDB7 /* Project object */;
}
